// !$*UTF8*$!
{
	archiveVersion = 1;
	classes = {
	};
	objectVersion = 50;
	objects = {

/* Begin PBXBuildFile section */
		644247E324B6B52D00745DCF /* earth.jpeg in Resources */ = {isa = PBXBuildFile; fileRef = 644247E224B6B52D00745DCF /* earth.jpeg */; };
		644247EC24B7202A00745DCF /* earth2.jpg in Resources */ = {isa = PBXBuildFile; fileRef = 644247EA24B7202A00745DCF /* earth2.jpg */; };
		644247ED24B7202A00745DCF /* earth3.jpg in Resources */ = {isa = PBXBuildFile; fileRef = 644247EB24B7202A00745DCF /* earth3.jpg */; };
		644247EF24B720DD00745DCF /* earth4.jpg in Resources */ = {isa = PBXBuildFile; fileRef = 644247EE24B720DD00745DCF /* earth4.jpg */; };
		644247F124B7215900745DCF /* earth5.jpg in Resources */ = {isa = PBXBuildFile; fileRef = 644247F024B7215900745DCF /* earth5.jpg */; };
		64F0C44824AC2B9100A9FF2C /* AppDelegate.m in Sources */ = {isa = PBXBuildFile; fileRef = 64F0C44724AC2B9100A9FF2C /* AppDelegate.m */; };
		64F0C44B24AC2B9100A9FF2C /* SceneDelegate.m in Sources */ = {isa = PBXBuildFile; fileRef = 64F0C44A24AC2B9100A9FF2C /* SceneDelegate.m */; };
		64F0C44E24AC2B9100A9FF2C /* ViewController.m in Sources */ = {isa = PBXBuildFile; fileRef = 64F0C44D24AC2B9100A9FF2C /* ViewController.m */; };
		64F0C45124AC2B9100A9FF2C /* Main.storyboard in Resources */ = {isa = PBXBuildFile; fileRef = 64F0C44F24AC2B9100A9FF2C /* Main.storyboard */; };
		64F0C45324AC2B9300A9FF2C /* Assets.xcassets in Resources */ = {isa = PBXBuildFile; fileRef = 64F0C45224AC2B9300A9FF2C /* Assets.xcassets */; };
		64F0C45624AC2B9300A9FF2C /* LaunchScreen.storyboard in Resources */ = {isa = PBXBuildFile; fileRef = 64F0C45424AC2B9300A9FF2C /* LaunchScreen.storyboard */; };
		64F0C45924AC2B9300A9FF2C /* main.m in Sources */ = {isa = PBXBuildFile; fileRef = 64F0C45824AC2B9300A9FF2C /* main.m */; };
		64F0C46824AC2BD600A9FF2C /* GLProgram.m in Sources */ = {isa = PBXBuildFile; fileRef = 64F0C46024AC2BD600A9FF2C /* GLProgram.m */; };
		64F0C46924AC2BD600A9FF2C /* glsl.vsh in Resources */ = {isa = PBXBuildFile; fileRef = 64F0C46324AC2BD600A9FF2C /* glsl.vsh */; };
		64F0C46A24AC2BD600A9FF2C /* glsl.fsh in Resources */ = {isa = PBXBuildFile; fileRef = 64F0C46424AC2BD600A9FF2C /* glsl.fsh */; };
		64F0C46B24AC2BD600A9FF2C /* UIImage+Categories.m in Sources */ = {isa = PBXBuildFile; fileRef = 64F0C46624AC2BD600A9FF2C /* UIImage+Categories.m */; };
/* End PBXBuildFile section */

/* Begin PBXFileReference section */
		644247E224B6B52D00745DCF /* earth.jpeg */ = {isa = PBXFileReference; lastKnownFileType = image.jpeg; path = earth.jpeg; sourceTree = "<group>"; };
		644247EA24B7202A00745DCF /* earth2.jpg */ = {isa = PBXFileReference; lastKnownFileType = image.jpeg; path = earth2.jpg; sourceTree = "<group>"; };
		644247EB24B7202A00745DCF /* earth3.jpg */ = {isa = PBXFileReference; lastKnownFileType = image.jpeg; path = earth3.jpg; sourceTree = "<group>"; };
		644247EE24B720DD00745DCF /* earth4.jpg */ = {isa = PBXFileReference; lastKnownFileType = image.jpeg; path = earth4.jpg; sourceTree = "<group>"; };
		644247F024B7215900745DCF /* earth5.jpg */ = {isa = PBXFileReference; lastKnownFileType = image.jpeg; path = earth5.jpg; sourceTree = "<group>"; };
		64F0C44324AC2B9100A9FF2C /* Earth.app */ = {isa = PBXFileReference; explicitFileType = wrapper.application; includeInIndex = 0; path = Earth.app; sourceTree = BUILT_PRODUCTS_DIR; };
		64F0C44624AC2B9100A9FF2C /* AppDelegate.h */ = {isa = PBXFileReference; lastKnownFileType = sourcecode.c.h; path = AppDelegate.h; sourceTree = "<group>"; };
		64F0C44724AC2B9100A9FF2C /* AppDelegate.m */ = {isa = PBXFileReference; lastKnownFileType = sourcecode.c.objc; path = AppDelegate.m; sourceTree = "<group>"; };
		64F0C44924AC2B9100A9FF2C /* SceneDelegate.h */ = {isa = PBXFileReference; lastKnownFileType = sourcecode.c.h; path = SceneDelegate.h; sourceTree = "<group>"; };
		64F0C44A24AC2B9100A9FF2C /* SceneDelegate.m */ = {isa = PBXFileReference; lastKnownFileType = sourcecode.c.objc; path = SceneDelegate.m; sourceTree = "<group>"; };
		64F0C44C24AC2B9100A9FF2C /* ViewController.h */ = {isa = PBXFileReference; lastKnownFileType = sourcecode.c.h; path = ViewController.h; sourceTree = "<group>"; };
		64F0C44D24AC2B9100A9FF2C /* ViewController.m */ = {isa = PBXFileReference; lastKnownFileType = sourcecode.c.objc; path = ViewController.m; sourceTree = "<group>"; };
		64F0C45024AC2B9100A9FF2C /* Base */ = {isa = PBXFileReference; lastKnownFileType = file.storyboard; name = Base; path = Base.lproj/Main.storyboard; sourceTree = "<group>"; };
		64F0C45224AC2B9300A9FF2C /* Assets.xcassets */ = {isa = PBXFileReference; lastKnownFileType = folder.assetcatalog; path = Assets.xcassets; sourceTree = "<group>"; };
		64F0C45524AC2B9300A9FF2C /* Base */ = {isa = PBXFileReference; lastKnownFileType = file.storyboard; name = Base; path = Base.lproj/LaunchScreen.storyboard; sourceTree = "<group>"; };
		64F0C45724AC2B9300A9FF2C /* Info.plist */ = {isa = PBXFileReference; lastKnownFileType = text.plist.xml; path = Info.plist; sourceTree = "<group>"; };
		64F0C45824AC2B9300A9FF2C /* main.m */ = {isa = PBXFileReference; lastKnownFileType = sourcecode.c.objc; path = main.m; sourceTree = "<group>"; };
		64F0C46024AC2BD600A9FF2C /* GLProgram.m */ = {isa = PBXFileReference; fileEncoding = 4; lastKnownFileType = sourcecode.c.objc; path = GLProgram.m; sourceTree = "<group>"; };
		64F0C46124AC2BD600A9FF2C /* GLProgram.h */ = {isa = PBXFileReference; fileEncoding = 4; lastKnownFileType = sourcecode.c.h; path = GLProgram.h; sourceTree = "<group>"; };
		64F0C46324AC2BD600A9FF2C /* glsl.vsh */ = {isa = PBXFileReference; fileEncoding = 4; lastKnownFileType = sourcecode.glsl; path = glsl.vsh; sourceTree = "<group>"; };
		64F0C46424AC2BD600A9FF2C /* glsl.fsh */ = {isa = PBXFileReference; fileEncoding = 4; lastKnownFileType = sourcecode.glsl; path = glsl.fsh; sourceTree = "<group>"; };
		64F0C46624AC2BD600A9FF2C /* UIImage+Categories.m */ = {isa = PBXFileReference; fileEncoding = 4; lastKnownFileType = sourcecode.c.objc; path = "UIImage+Categories.m"; sourceTree = "<group>"; };
		64F0C46724AC2BD600A9FF2C /* UIImage+Categories.h */ = {isa = PBXFileReference; fileEncoding = 4; lastKnownFileType = sourcecode.c.h; path = "UIImage+Categories.h"; sourceTree = "<group>"; };
/* End PBXFileReference section */

/* Begin PBXFrameworksBuildPhase section */
		64F0C44024AC2B9100A9FF2C /* Frameworks */ = {
			isa = PBXFrameworksBuildPhase;
			buildActionMask = 2147483647;
			files = (
			);
			runOnlyForDeploymentPostprocessing = 0;
		};
/* End PBXFrameworksBuildPhase section */

/* Begin PBXGroup section */
		644247E124B6B52100745DCF /* Resources */ = {
			isa = PBXGroup;
			children = (
				644247E224B6B52D00745DCF /* earth.jpeg */,
				644247EA24B7202A00745DCF /* earth2.jpg */,
				644247EB24B7202A00745DCF /* earth3.jpg */,
				644247EE24B720DD00745DCF /* earth4.jpg */,
				644247F024B7215900745DCF /* earth5.jpg */,
			);
			path = Resources;
			sourceTree = "<group>";
		};
		64F0C43A24AC2B9100A9FF2C = {
			isa = PBXGroup;
			children = (
				64F0C44524AC2B9100A9FF2C /* Earth */,
				64F0C44424AC2B9100A9FF2C /* Products */,
			);
			sourceTree = "<group>";
		};
		64F0C44424AC2B9100A9FF2C /* Products */ = {
			isa = PBXGroup;
			children = (
				64F0C44324AC2B9100A9FF2C /* Earth.app */,
			);
			name = Products;
			sourceTree = "<group>";
		};
		64F0C44524AC2B9100A9FF2C /* Earth */ = {
			isa = PBXGroup;
			children = (
				644247E124B6B52100745DCF /* Resources */,
				64F0C46524AC2BD600A9FF2C /* Categories */,
				64F0C45F24AC2BD600A9FF2C /* Program */,
				64F0C46224AC2BD600A9FF2C /* Shader */,
				64F0C44624AC2B9100A9FF2C /* AppDelegate.h */,
				64F0C44724AC2B9100A9FF2C /* AppDelegate.m */,
				64F0C44924AC2B9100A9FF2C /* SceneDelegate.h */,
				64F0C44A24AC2B9100A9FF2C /* SceneDelegate.m */,
				64F0C44C24AC2B9100A9FF2C /* ViewController.h */,
				64F0C44D24AC2B9100A9FF2C /* ViewController.m */,
				64F0C44F24AC2B9100A9FF2C /* Main.storyboard */,
				64F0C45224AC2B9300A9FF2C /* Assets.xcassets */,
				64F0C45424AC2B9300A9FF2C /* LaunchScreen.storyboard */,
				64F0C45724AC2B9300A9FF2C /* Info.plist */,
				64F0C45824AC2B9300A9FF2C /* main.m */,
			);
			path = Earth;
			sourceTree = "<group>";
		};
		64F0C45F24AC2BD600A9FF2C /* Program */ = {
			isa = PBXGroup;
			children = (
				64F0C46024AC2BD600A9FF2C /* GLProgram.m */,
				64F0C46124AC2BD600A9FF2C /* GLProgram.h */,
			);
			path = Program;
			sourceTree = "<group>";
		};
		64F0C46224AC2BD600A9FF2C /* Shader */ = {
			isa = PBXGroup;
			children = (
				64F0C46324AC2BD600A9FF2C /* glsl.vsh */,
				64F0C46424AC2BD600A9FF2C /* glsl.fsh */,
			);
			path = Shader;
			sourceTree = "<group>";
		};
		64F0C46524AC2BD600A9FF2C /* Categories */ = {
			isa = PBXGroup;
			children = (
				64F0C46624AC2BD600A9FF2C /* UIImage+Categories.m */,
				64F0C46724AC2BD600A9FF2C /* UIImage+Categories.h */,
			);
			path = Categories;
			sourceTree = "<group>";
		};
/* End PBXGroup section */

/* Begin PBXNativeTarget section */
		64F0C44224AC2B9100A9FF2C /* Earth */ = {
			isa = PBXNativeTarget;
			buildConfigurationList = 64F0C45C24AC2B9300A9FF2C /* Build configuration list for PBXNativeTarget "Earth" */;
			buildPhases = (
				64F0C43F24AC2B9100A9FF2C /* Sources */,
				64F0C44024AC2B9100A9FF2C /* Frameworks */,
				64F0C44124AC2B9100A9FF2C /* Resources */,
			);
			buildRules = (
			);
			dependencies = (
			);
			name = Earth;
			productName = SphereDEMO;
			productReference = 64F0C44324AC2B9100A9FF2C /* Earth.app */;
			productType = "com.apple.product-type.application";
		};
/* End PBXNativeTarget section */

/* Begin PBXProject section */
		64F0C43B24AC2B9100A9FF2C /* Project object */ = {
			isa = PBXProject;
			attributes = {
				LastUpgradeCheck = 1120;
				ORGANIZATIONNAME = DPP;
				TargetAttributes = {
					64F0C44224AC2B9100A9FF2C = {
						CreatedOnToolsVersion = 11.2.1;
					};
				};
			};
			buildConfigurationList = 64F0C43E24AC2B9100A9FF2C /* Build configuration list for PBXProject "Earth" */;
			compatibilityVersion = "Xcode 9.3";
			developmentRegion = en;
			hasScannedForEncodings = 0;
			knownRegions = (
				en,
				Base,
			);
			mainGroup = 64F0C43A24AC2B9100A9FF2C;
			productRefGroup = 64F0C44424AC2B9100A9FF2C /* Products */;
			projectDirPath = "";
			projectRoot = "";
			targets = (
				64F0C44224AC2B9100A9FF2C /* Earth */,
			);
		};
/* End PBXProject section */

/* Begin PBXResourcesBuildPhase section */
		64F0C44124AC2B9100A9FF2C /* Resources */ = {
			isa = PBXResourcesBuildPhase;
			buildActionMask = 2147483647;
			files = (
				644247ED24B7202A00745DCF /* earth3.jpg in Resources */,
				64F0C45624AC2B9300A9FF2C /* LaunchScreen.storyboard in Resources */,
				64F0C46924AC2BD600A9FF2C /* glsl.vsh in Resources */,
				64F0C45324AC2B9300A9FF2C /* Assets.xcassets in Resources */,
				64F0C46A24AC2BD600A9FF2C /* glsl.fsh in Resources */,
				644247EC24B7202A00745DCF /* earth2.jpg in Resources */,
				644247E324B6B52D00745DCF /* earth.jpeg in Resources */,
				64F0C45124AC2B9100A9FF2C /* Main.storyboard in Resources */,
				644247F124B7215900745DCF /* earth5.jpg in Resources */,
				644247EF24B720DD00745DCF /* earth4.jpg in Resources */,
			);
			runOnlyForDeploymentPostprocessing = 0;
		};
/* End PBXResourcesBuildPhase section */

/* Begin PBXSourcesBuildPhase section */
		64F0C43F24AC2B9100A9FF2C /* Sources */ = {
			isa = PBXSourcesBuildPhase;
			buildActionMask = 2147483647;
			files = (
				64F0C44E24AC2B9100A9FF2C /* ViewController.m in Sources */,
				64F0C44824AC2B9100A9FF2C /* AppDelegate.m in Sources */,
				64F0C46824AC2BD600A9FF2C /* GLProgram.m in Sources */,
				64F0C46B24AC2BD600A9FF2C /* UIImage+Categories.m in Sources */,
				64F0C45924AC2B9300A9FF2C /* main.m in Sources */,
				64F0C44B24AC2B9100A9FF2C /* SceneDelegate.m in Sources */,
			);
			runOnlyForDeploymentPostprocessing = 0;
		};
/* End PBXSourcesBuildPhase section */

/* Begin PBXVariantGroup section */
		64F0C44F24AC2B9100A9FF2C /* Main.storyboard */ = {
			isa = PBXVariantGroup;
			children = (
				64F0C45024AC2B9100A9FF2C /* Base */,
			);
			name = Main.storyboard;
			sourceTree = "<group>";
		};
		64F0C45424AC2B9300A9FF2C /* LaunchScreen.storyboard */ = {
			isa = PBXVariantGroup;
			children = (
				64F0C45524AC2B9300A9FF2C /* Base */,
			);
			name = LaunchScreen.storyboard;
			sourceTree = "<group>";
		};
/* End PBXVariantGroup section */

/* Begin XCBuildConfiguration section */
		64F0C45A24AC2B9300A9FF2C /* Debug */ = {
			isa = XCBuildConfiguration;
			buildSettings = {
				ALWAYS_SEARCH_USER_PATHS = NO;
				CLANG_ANALYZER_NONNULL = YES;
				CLANG_ANALYZER_NUMBER_OBJECT_CONVERSION = YES_AGGRESSIVE;
				CLANG_CXX_LANGUAGE_STANDARD = "gnu++14";
				CLANG_CXX_LIBRARY = "libc++";
				CLANG_ENABLE_MODULES = YES;
				CLANG_ENABLE_OBJC_ARC = YES;
				CLANG_ENABLE_OBJC_WEAK = YES;
				CLANG_WARN_BLOCK_CAPTURE_AUTORELEASING = YES;
				CLANG_WARN_BOOL_CONVERSION = YES;
				CLANG_WARN_COMMA = YES;
				CLANG_WARN_CONSTANT_CONVERSION = YES;
				CLANG_WARN_DEPRECATED_OBJC_IMPLEMENTATIONS = YES;
				CLANG_WARN_DIRECT_OBJC_ISA_USAGE = YES_ERROR;
				CLANG_WARN_DOCUMENTATION_COMMENTS = YES;
				CLANG_WARN_EMPTY_BODY = YES;
				CLANG_WARN_ENUM_CONVERSION = YES;
				CLANG_WARN_INFINITE_RECURSION = YES;
				CLANG_WARN_INT_CONVERSION = YES;
				CLANG_WARN_NON_LITERAL_NULL_CONVERSION = YES;
				CLANG_WARN_OBJC_IMPLICIT_RETAIN_SELF = YES;
				CLANG_WARN_OBJC_LITERAL_CONVERSION = YES;
				CLANG_WARN_OBJC_ROOT_CLASS = YES_ERROR;
				CLANG_WARN_RANGE_LOOP_ANALYSIS = YES;
				CLANG_WARN_STRICT_PROTOTYPES = YES;
				CLANG_WARN_SUSPICIOUS_MOVE = YES;
				CLANG_WARN_UNGUARDED_AVAILABILITY = YES_AGGRESSIVE;
				CLANG_WARN_UNREACHABLE_CODE = YES;
				CLANG_WARN__DUPLICATE_METHOD_MATCH = YES;
				COPY_PHASE_STRIP = NO;
				DEBUG_INFORMATION_FORMAT = dwarf;
				ENABLE_STRICT_OBJC_MSGSEND = YES;
				ENABLE_TESTABILITY = YES;
				GCC_C_LANGUAGE_STANDARD = gnu11;
				GCC_DYNAMIC_NO_PIC = NO;
				GCC_NO_COMMON_BLOCKS = YES;
				GCC_OPTIMIZATION_LEVEL = 0;
				GCC_PREPROCESSOR_DEFINITIONS = (
					"DEBUG=1",
					"$(inherited)",
				);
				GCC_WARN_64_TO_32_BIT_CONVERSION = YES;
				GCC_WARN_ABOUT_RETURN_TYPE = YES_ERROR;
				GCC_WARN_UNDECLARED_SELECTOR = YES;
				GCC_WARN_UNINITIALIZED_AUTOS = YES_AGGRESSIVE;
				GCC_WARN_UNUSED_FUNCTION = YES;
				GCC_WARN_UNUSED_VARIABLE = YES;
				IPHONEOS_DEPLOYMENT_TARGET = 13.2;
				MTL_ENABLE_DEBUG_INFO = INCLUDE_SOURCE;
				MTL_FAST_MATH = YES;
				ONLY_ACTIVE_ARCH = YES;
				SDKROOT = iphoneos;
			};
			name = Debug;
		};
		64F0C45B24AC2B9300A9FF2C /* Release */ = {
			isa = XCBuildConfiguration;
			buildSettings = {
				ALWAYS_SEARCH_USER_PATHS = NO;
				CLANG_ANALYZER_NONNULL = YES;
				CLANG_ANALYZER_NUMBER_OBJECT_CONVERSION = YES_AGGRESSIVE;
				CLANG_CXX_LANGUAGE_STANDARD = "gnu++14";
				CLANG_CXX_LIBRARY = "libc++";
				CLANG_ENABLE_MODULES = YES;
				CLANG_ENABLE_OBJC_ARC = YES;
				CLANG_ENABLE_OBJC_WEAK = YES;
				CLANG_WARN_BLOCK_CAPTURE_AUTORELEASING = YES;
				CLANG_WARN_BOOL_CONVERSION = YES;
				CLANG_WARN_COMMA = YES;
				CLANG_WARN_CONSTANT_CONVERSION = YES;
				CLANG_WARN_DEPRECATED_OBJC_IMPLEMENTATIONS = YES;
				CLANG_WARN_DIRECT_OBJC_ISA_USAGE = YES_ERROR;
				CLANG_WARN_DOCUMENTATION_COMMENTS = YES;
				CLANG_WARN_EMPTY_BODY = YES;
				CLANG_WARN_ENUM_CONVERSION = YES;
				CLANG_WARN_INFINITE_RECURSION = YES;
				CLANG_WARN_INT_CONVERSION = YES;
				CLANG_WARN_NON_LITERAL_NULL_CONVERSION = YES;
				CLANG_WARN_OBJC_IMPLICIT_RETAIN_SELF = YES;
				CLANG_WARN_OBJC_LITERAL_CONVERSION = YES;
				CLANG_WARN_OBJC_ROOT_CLASS = YES_ERROR;
				CLANG_WARN_RANGE_LOOP_ANALYSIS = YES;
				CLANG_WARN_STRICT_PROTOTYPES = YES;
				CLANG_WARN_SUSPICIOUS_MOVE = YES;
				CLANG_WARN_UNGUARDED_AVAILABILITY = YES_AGGRESSIVE;
				CLANG_WARN_UNREACHABLE_CODE = YES;
				CLANG_WARN__DUPLICATE_METHOD_MATCH = YES;
				COPY_PHASE_STRIP = NO;
				DEBUG_INFORMATION_FORMAT = "dwarf-with-dsym";
				ENABLE_NS_ASSERTIONS = NO;
				ENABLE_STRICT_OBJC_MSGSEND = YES;
				GCC_C_LANGUAGE_STANDARD = gnu11;
				GCC_NO_COMMON_BLOCKS = YES;
				GCC_WARN_64_TO_32_BIT_CONVERSION = YES;
				GCC_WARN_ABOUT_RETURN_TYPE = YES_ERROR;
				GCC_WARN_UNDECLARED_SELECTOR = YES;
				GCC_WARN_UNINITIALIZED_AUTOS = YES_AGGRESSIVE;
				GCC_WARN_UNUSED_FUNCTION = YES;
				GCC_WARN_UNUSED_VARIABLE = YES;
				IPHONEOS_DEPLOYMENT_TARGET = 13.2;
				MTL_ENABLE_DEBUG_INFO = NO;
				MTL_FAST_MATH = YES;
				SDKROOT = iphoneos;
				VALIDATE_PRODUCT = YES;
			};
			name = Release;
		};
		64F0C45D24AC2B9300A9FF2C /* Debug */ = {
			isa = XCBuildConfiguration;
			buildSettings = {
				ASSETCATALOG_COMPILER_APPICON_NAME = AppIcon;
				CODE_SIGN_STYLE = Automatic;
				DEVELOPMENT_TEAM = U24BK4467G;
				INFOPLIST_FILE = Earth/Info.plist;
				IPHONEOS_DEPLOYMENT_TARGET = 10.0;
				LD_RUNPATH_SEARCH_PATHS = (
					"$(inherited)",
					"@executable_path/Frameworks",
				);
				PRODUCT_BUNDLE_IDENTIFIER = com.meitu.Earth;
				PRODUCT_NAME = "$(TARGET_NAME)";
				TARGETED_DEVICE_FAMILY = "1,2";
			};
			name = Debug;
		};
		64F0C45E24AC2B9300A9FF2C /* Release */ = {
			isa = XCBuildConfiguration;
			buildSettings = {
				ASSETCATALOG_COMPILER_APPICON_NAME = AppIcon;
				CODE_SIGN_STYLE = Automatic;
				DEVELOPMENT_TEAM = U24BK4467G;
				INFOPLIST_FILE = Earth/Info.plist;
				IPHONEOS_DEPLOYMENT_TARGET = 10.0;
				LD_RUNPATH_SEARCH_PATHS = (
					"$(inherited)",
					"@executable_path/Frameworks",
				);
				PRODUCT_BUNDLE_IDENTIFIER = com.meitu.Earth;
				PRODUCT_NAME = "$(TARGET_NAME)";
				TARGETED_DEVICE_FAMILY = "1,2";
			};
			name = Release;
		};
/* End XCBuildConfiguration section */

/* Begin XCConfigurationList section */
		64F0C43E24AC2B9100A9FF2C /* Build configuration list for PBXProject "Earth" */ = {
			isa = XCConfigurationList;
			buildConfigurations = (
				64F0C45A24AC2B9300A9FF2C /* Debug */,
				64F0C45B24AC2B9300A9FF2C /* Release */,
			);
			defaultConfigurationIsVisible = 0;
			defaultConfigurationName = Release;
		};
		64F0C45C24AC2B9300A9FF2C /* Build configuration list for PBXNativeTarget "Earth" */ = {
			isa = XCConfigurationList;
			buildConfigurations = (
				64F0C45D24AC2B9300A9FF2C /* Debug */,
				64F0C45E24AC2B9300A9FF2C /* Release */,
			);
			defaultConfigurationIsVisible = 0;
			defaultConfigurationName = Release;
		};
/* End XCConfigurationList section */
	};
	rootObject = 64F0C43B24AC2B9100A9FF2C /* Project object */;
}
